{
  "lockfileVersion": 1,
  "workspaces": {
    "": {
      "name": "m3u8proxy_bun",
      "dependencies": {
        "hono": "^4.7.5",
        "play-dl": "^1.9.7",
        "ytdl-core": "^4.11.5",
      },
      "devDependencies": {
        "@types/bun": "latest",
      },
      "peerDependencies": {
        "typescript": "^5",
      },
    },
  },
  "packages": {
    "@types/bun": ["@types/bun@1.2.6", "", { "dependencies": { "bun-types": "1.2.6" } }, "sha512-fY9CAmTdJH1Llx7rugB0FpgWK2RKuHCs3g2cFDYXUutIy1QGiPQxKkGY8owhfZ4MXWNfxwIbQLChgH5gDsY7vw=="],

    "@types/node": ["@types/node@22.13.13", "", { "dependencies": { "undici-types": "~6.20.0" } }, "sha512-ClsL5nMwKaBRwPcCvH8E7+nU4GxHVx1axNvMZTFHMEfNI7oahimt26P5zjVCRrjiIWj6YFXfE1v3dEp94wLcGQ=="],

    "@types/ws": ["@types/ws@8.5.14", "", { "dependencies": { "@types/node": "*" } }, "sha512-bd/YFLW+URhBzMXurx7lWByOu+xzU9+kb3RboOteXYDfW+tr+JZa99OyNmPINEGB/ahzKrEuc8rcv4gnpJmxTw=="],

    "bun-types": ["bun-types@1.2.6", "", { "dependencies": { "@types/node": "*", "@types/ws": "~8.5.10" } }, "sha512-FbCKyr5KDiPULUzN/nm5oqQs9nXCHD8dVc64BArxJadCvbNzAI6lUWGh9fSJZWeDIRD38ikceBU8Kj/Uh+53oQ=="],

    "hono": ["hono@4.7.5", "", {}, "sha512-fDOK5W2C1vZACsgLONigdZTRZxuBqFtcKh7bUQ5cVSbwI2RWjloJDcgFOVzbQrlI6pCmhlTsVYZ7zpLj4m4qMQ=="],

    "m3u8stream": ["m3u8stream@0.8.6", "", { "dependencies": { "miniget": "^4.2.2", "sax": "^1.2.4" } }, "sha512-LZj8kIVf9KCphiHmH7sbFQTVe4tOemb202fWwvJwR9W5ENW/1hxJN6ksAWGhQgSBSa3jyWhnjKU1Fw1GaOdbyA=="],

    "miniget": ["miniget@4.2.3", "", {}, "sha512-SjbDPDICJ1zT+ZvQwK0hUcRY4wxlhhNpHL9nJOB2MEAXRGagTljsO8MEDzQMTFf0Q8g4QNi8P9lEm/g7e+qgzA=="],

    "play-audio": ["play-audio@0.5.2", "", {}, "sha512-ZAqHUKkQLix2Iga7pPbsf1LpUoBjcpwU93F1l3qBIfxYddQLhxS6GKmS0d3jV8kSVaUbr6NnOEcEMFvuX93SWQ=="],

    "play-dl": ["play-dl@1.9.7", "", { "dependencies": { "play-audio": "^0.5.2" } }, "sha512-KpgerWxUCY4s9Mhze2qdqPhiqd8Ve6HufpH9mBH3FN+vux55qSh6WJKDabfie8IBHN7lnrAlYcT/UdGax58c2A=="],

    "sax": ["sax@1.4.1", "", {}, "sha512-+aWOz7yVScEGoKNd4PA10LZ8sk0A/z5+nXQG5giUO5rprX9jgYsTdov9qCchZiPIZezbZH+jRut8nPodFAX4Jg=="],

    "typescript": ["typescript@5.8.2", "", { "bin": { "tsc": "bin/tsc", "tsserver": "bin/tsserver" } }, "sha512-aJn6wq13/afZp/jT9QZmwEjDqqvSGp1VT5GVg+f/t6/oVyrgXM6BY1h9BRh/O5p3PlUPAe+WuiEZOmb/49RqoQ=="],

    "undici-types": ["undici-types@6.20.0", "", {}, "sha512-Ny6QZ2Nju20vw1SRHe3d9jVu6gJ+4e3+MMpqu7pqE5HT6WsTSlce++GQmK5UXS8mzV8DSYHrQH+Xrf2jVcuKNg=="],

    "ytdl-core": ["ytdl-core@4.11.5", "", { "dependencies": { "m3u8stream": "^0.8.6", "miniget": "^4.2.2", "sax": "^1.1.3" } }, "sha512-27LwsW4n4nyNviRCO1hmr8Wr5J1wLLMawHCQvH8Fk0hiRqrxuIu028WzbJetiYH28K8XDbeinYW4/wcHQD1EXA=="],
  }
}
